
Microsoft Visual Studio Solution File, Format Version 12.00
# Visual Studio Version 16
VisualStudioVersion = 16.0.31424.327
MinimumVisualStudioVersion = 10.0.40219.1
Project("{FAE04EC0-301F-11D3-BF4B-00C04F79EFBC}") = "Abstract_Classes_Assignment", "Abstract_Classes_Assignment\Abstract_Classes_Assignment.csproj", "{262DDDED-2DCE-4E5C-B0F0-4A23ED03FF29}"
EndProject
Global
	GlobalSection(SolutionConfigurationPlatforms) = preSolution
		Debug|Any CPU = Debug|Any CPU
		Release|Any CPU = Release|Any CPU
	EndGlobalSection
	GlobalSection(ProjectConfigurationPlatforms) = postSolution
		{262DDDED-2DCE-4E5C-B0F0-4A23ED03FF29}.Debug|Any CPU.ActiveCfg = Debug|Any CPU
		{262DDDED-2DCE-4E5C-B0F0-4A23ED03FF29}.Debug|Any CPU.Build.0 = Debug|Any CPU
		{262DDDED-2DCE-4E5C-B0F0-4A23ED03FF29}.Release|Any CPU.ActiveCfg = Release|Any CPU
		{262DDDED-2DCE-4E5C-B0F0-4A23ED03FF29}.Release|Any CPU.Build.0 = Release|Any CPU
	EndGlobalSection
	GlobalSection(SolutionProperties) = preSolution
		HideSolutionNode = FALSE
	EndGlobalSection
	GlobalSection(ExtensibilityGlobals) = postSolution
		SolutionGuid = {D39F0700-3F81-40E3-B747-6F8A4ACDEF84}
	EndGlobalSection
EndGlobal
